{
  "name": "bun-compile-repro",
  "lockfileVersion": 3,
  "requires": true,
  "packages": {
    "": {
      "dependencies": {
        "@napi-rs/simple-git": "^0.1.16",
        "bun": "^1.0.26"
      },
      "devDependencies": {
        "@types/node": "^20.11.16",
        "typescript": "^5.3.3"
      }
    },
    "node_modules/@napi-rs/simple-git": {
      "version": "0.1.16",
      "resolved": "https://registry.npmjs.org/@napi-rs/simple-git/-/simple-git-0.1.16.tgz",
      "integrity": "sha512-C5wRPw9waqL2jk3jEDeJv+f7ScuO3N0a39HVdyFLkwKxHH4Sya4ZbzZsu2JLi6eEqe7RuHipHL6mC7B2OfYZZw==",
      "engines": {
        "node": ">= 10"
      },
      "optionalDependencies": {
        "@napi-rs/simple-git-android-arm-eabi": "0.1.16",
        "@napi-rs/simple-git-android-arm64": "0.1.16",
        "@napi-rs/simple-git-darwin-arm64": "0.1.16",
        "@napi-rs/simple-git-darwin-x64": "0.1.16",
        "@napi-rs/simple-git-linux-arm-gnueabihf": "0.1.16",
        "@napi-rs/simple-git-linux-arm64-gnu": "0.1.16",
        "@napi-rs/simple-git-linux-arm64-musl": "0.1.16",
        "@napi-rs/simple-git-linux-x64-gnu": "0.1.16",
        "@napi-rs/simple-git-linux-x64-musl": "0.1.16",
        "@napi-rs/simple-git-win32-arm64-msvc": "0.1.16",
        "@napi-rs/simple-git-win32-x64-msvc": "0.1.16"
      }
    },
    "node_modules/@napi-rs/simple-git-android-arm-eabi": {
      "version": "0.1.16",
      "resolved": "https://registry.npmjs.org/@napi-rs/simple-git-android-arm-eabi/-/simple-git-android-arm-eabi-0.1.16.tgz",
      "integrity": "sha512-dbrCL0Pl5KZG7x7tXdtVsA5CO6At5ohDX3myf5xIYn9kN4jDFxsocl8bNt6Vb/hZQoJd8fI+k5VlJt+rFhbdVw==",
      "cpu": [
        "arm"
      ],
      "optional": true,
      "os": [
        "android"
      ],
      "engines": {
        "node": ">= 10"
      }
    },
    "node_modules/@napi-rs/simple-git-android-arm64": {
      "version": "0.1.16",
      "resolved": "https://registry.npmjs.org/@napi-rs/simple-git-android-arm64/-/simple-git-android-arm64-0.1.16.tgz",
      "integrity": "sha512-xYz+TW5J09iK8SuTAKK2D5MMIsBUXVSs8nYp7HcMi8q6FCRO7yJj96YfP9PvKsc/k64hOyqGmL5DhCzY9Cu1FQ==",
      "cpu": [
        "arm64"
      ],
      "optional": true,
      "os": [
        "android"
      ],
      "engines": {
        "node": ">= 10"
      }
    },
    "node_modules/@napi-rs/simple-git-darwin-arm64": {
      "version": "0.1.16",
      "resolved": "https://registry.npmjs.org/@napi-rs/simple-git-darwin-arm64/-/simple-git-darwin-arm64-0.1.16.tgz",
      "integrity": "sha512-XfgsYqxhUE022MJobeiX563TJqyQyX4FmYCnqrtJwAfivESVeAJiH6bQIum8dDEYMHXCsG7nL8Ok0Dp8k2m42g==",
      "cpu": [
        "arm64"
      ],
      "optional": true,
      "os": [
        "darwin"
      ],
      "engines": {
        "node": ">= 10"
      }
    },
    "node_modules/@napi-rs/simple-git-darwin-x64": {
      "version": "0.1.16",
      "resolved": "https://registry.npmjs.org/@napi-rs/simple-git-darwin-x64/-/simple-git-darwin-x64-0.1.16.tgz",
      "integrity": "sha512-tkEVBhD6vgRCbeWsaAQqM3bTfpIVGeitamPPRVSbsq8qgzJ5Dx6ZedH27R7KSsA/uao7mZ3dsrNLXbu1Wy5MzA==",
      "cpu": [
        "x64"
      ],
      "optional": true,
      "os": [
        "darwin"
      ],
      "engines": {
        "node": ">= 10"
      }
    },
    "node_modules/@napi-rs/simple-git-linux-arm-gnueabihf": {
      "version": "0.1.16",
      "resolved": "https://registry.npmjs.org/@napi-rs/simple-git-linux-arm-gnueabihf/-/simple-git-linux-arm-gnueabihf-0.1.16.tgz",
      "integrity": "sha512-R6VAyNnp/yRaT7DV1Ao3r67SqTWDa+fNq2LrNy0Z8gXk2wB9ZKlrxFtLPE1WSpWknWtyRDLpRlsorh7Evk7+7w==",
      "cpu": [
        "arm"
      ],
      "optional": true,
      "os": [
        "linux"
      ],
      "engines": {
        "node": ">= 10"
      }
    },
    "node_modules/@napi-rs/simple-git-linux-arm64-gnu": {
      "version": "0.1.16",
      "resolved": "https://registry.npmjs.org/@napi-rs/simple-git-linux-arm64-gnu/-/simple-git-linux-arm64-gnu-0.1.16.tgz",
      "integrity": "sha512-LAGI0opFKw/HBMCV2qIBK3uWSEW9h4xd2ireZKLJy8DBPymX6NrWIamuxYNyCuACnFdPRxR4LaRFy4J5ZwuMdw==",
      "cpu": [
        "arm64"
      ],
      "optional": true,
      "os": [
        "linux"
      ],
      "engines": {
        "node": ">= 10"
      }
    },
    "node_modules/@napi-rs/simple-git-linux-arm64-musl": {
      "version": "0.1.16",
      "resolved": "https://registry.npmjs.org/@napi-rs/simple-git-linux-arm64-musl/-/simple-git-linux-arm64-musl-0.1.16.tgz",
      "integrity": "sha512-I57Ph0F0Yn2KW93ep+V1EzKhACqX0x49vvSiapqIsdDA2PifdEWLc1LJarBolmK7NKoPqKmf6lAKKO9lhiZzkg==",
      "cpu": [
        "arm64"
      ],
      "optional": true,
      "os": [
        "linux"
      ],
      "engines": {
        "node": ">= 10"
      }
    },
    "node_modules/@napi-rs/simple-git-linux-x64-gnu": {
      "version": "0.1.16",
      "resolved": "https://registry.npmjs.org/@napi-rs/simple-git-linux-x64-gnu/-/simple-git-linux-x64-gnu-0.1.16.tgz",
      "integrity": "sha512-AZYYFY2V7hlcQASPEOWyOa3e1skzTct9QPzz0LiDM3f/hCFY/wBaU2M6NC5iG3d2Kr38heuyFS/+JqxLm5WaKA==",
      "cpu": [
        "x64"
      ],
      "optional": true,
      "os": [
        "linux"
      ],
      "engines": {
        "node": ">= 10"
      }
    },
    "node_modules/@napi-rs/simple-git-linux-x64-musl": {
      "version": "0.1.16",
      "resolved": "https://registry.npmjs.org/@napi-rs/simple-git-linux-x64-musl/-/simple-git-linux-x64-musl-0.1.16.tgz",
      "integrity": "sha512-9TyMcYSBJwjT8jwjY9m24BZbu7ozyWTjsmYBYNtK3B0Um1Ov6jthSNneLVvouQ6x+k3Ow+00TiFh6bvmT00r8g==",
      "cpu": [
        "x64"
      ],
      "optional": true,
      "os": [
        "linux"
      ],
      "engines": {
        "node": ">= 10"
      }
    },
    "node_modules/@napi-rs/simple-git-win32-arm64-msvc": {
      "version": "0.1.16",
      "resolved": "https://registry.npmjs.org/@napi-rs/simple-git-win32-arm64-msvc/-/simple-git-win32-arm64-msvc-0.1.16.tgz",
      "integrity": "sha512-uslJ1WuAHCYJWui6xjsyT47SjX6KOHDtClmNO8hqKz1pmDSNY7AjyUY8HxvD1lK9bDnWwc4JYhikS9cxCqHybw==",
      "cpu": [
        "arm64"
      ],
      "optional": true,
      "os": [
        "win32"
      ],
      "engines": {
        "node": ">= 10"
      }
    },
    "node_modules/@napi-rs/simple-git-win32-x64-msvc": {
      "version": "0.1.16",
      "resolved": "https://registry.npmjs.org/@napi-rs/simple-git-win32-x64-msvc/-/simple-git-win32-x64-msvc-0.1.16.tgz",
      "integrity": "sha512-SoEaVeCZCDF1MP+M9bMSXsZWgEjk4On9GWADO5JOulvzR1bKjk0s9PMHwe/YztR9F0sJzrCxwtvBZowhSJsQPg==",
      "cpu": [
        "x64"
      ],
      "optional": true,
      "os": [
        "win32"
      ],
      "engines": {
        "node": ">= 10"
      }
    },
    "node_modules/@oven/bun-darwin-aarch64": {
      "version": "1.0.26",
      "resolved": "https://registry.npmjs.org/@oven/bun-darwin-aarch64/-/bun-darwin-aarch64-1.0.26.tgz",
      "integrity": "sha512-7FgUZz2EpMgFdEI9sA68bnHhrnrDBmCwcewpm6641HK0x2RIO1EcFl/7GKSGsD1JmbNfGqxYU16Sc+rgKFtXAg==",
      "cpu": [
        "arm64"
      ],
      "optional": true,
      "os": [
        "darwin"
      ]
    },
    "node_modules/@oven/bun-darwin-x64": {
      "version": "1.0.26",
      "resolved": "https://registry.npmjs.org/@oven/bun-darwin-x64/-/bun-darwin-x64-1.0.26.tgz",
      "integrity": "sha512-kWO6ThQEMm4OPfqlhFlWrDRiIFtaUl//bRJfomOHE4BABaP9bdgHjDsaxt0pUWiKP9j9YnPFXtMw91iUbTbCWg==",
      "cpu": [
        "x64"
      ],
      "optional": true,
      "os": [
        "darwin"
      ]
    },
    "node_modules/@oven/bun-darwin-x64-baseline": {
      "version": "1.0.26",
      "resolved": "https://registry.npmjs.org/@oven/bun-darwin-x64-baseline/-/bun-darwin-x64-baseline-1.0.26.tgz",
      "integrity": "sha512-ssVJJs6tAvVZKnCx5bXAXZ05nSbfLHJ4qD/XFlVYb+3aue81YhXzQpbsOr9DShv209rBp9756SqHs9KZH66cbQ==",
      "cpu": [
        "x64"
      ],
      "optional": true,
      "os": [
        "darwin"
      ]
    },
    "node_modules/@oven/bun-linux-aarch64": {
      "version": "1.0.26",
      "resolved": "https://registry.npmjs.org/@oven/bun-linux-aarch64/-/bun-linux-aarch64-1.0.26.tgz",
      "integrity": "sha512-YSG6pOFMpXquGf3i4/Ta05NAlsSkiZVk5P5EAlfO1fnJANlkcu1QfD/IYvddQ5YY4aOTwlQFqA29pYxYj+2A/A==",
      "cpu": [
        "arm64"
      ],
      "optional": true,
      "os": [
        "linux"
      ]
    },
    "node_modules/@oven/bun-linux-x64": {
      "version": "1.0.26",
      "resolved": "https://registry.npmjs.org/@oven/bun-linux-x64/-/bun-linux-x64-1.0.26.tgz",
      "integrity": "sha512-ErEH7yBkWIt01qROMysM6ZQqz8epY+2DtQW0rfjKbaPm8JuEdZVyeA5zoKES3e2J37FUY073MdbwdzE5KPX2cQ==",
      "cpu": [
        "x64"
      ],
      "optional": true,
      "os": [
        "linux"
      ]
    },
    "node_modules/@oven/bun-linux-x64-baseline": {
      "version": "1.0.26",
      "resolved": "https://registry.npmjs.org/@oven/bun-linux-x64-baseline/-/bun-linux-x64-baseline-1.0.26.tgz",
      "integrity": "sha512-1EjD6t6BFkspGqTRqYGVSQw5eIktDsappweG+1yh/QpmhV95/vDKKoPGXCwoyeSoJIjJMl9VaApX8Fr1vpnUfA==",
      "cpu": [
        "x64"
      ],
      "optional": true,
      "os": [
        "linux"
      ]
    },
    "node_modules/@types/node": {
      "version": "20.11.16",
      "resolved": "https://registry.npmjs.org/@types/node/-/node-20.11.16.tgz",
      "integrity": "sha512-gKb0enTmRCzXSSUJDq6/sPcqrfCv2mkkG6Jt/clpn5eiCbKTY+SgZUxo+p8ZKMof5dCp9vHQUAB7wOUTod22wQ==",
      "dev": true,
      "dependencies": {
        "undici-types": "~5.26.4"
      }
    },
    "node_modules/bun": {
      "version": "1.0.26",
      "resolved": "https://registry.npmjs.org/bun/-/bun-1.0.26.tgz",
      "integrity": "sha512-+aSzKvGLE9hWwCRDwvnhoMTDntCYEk5bKn16L0QGD0v630WJMPhazAMxaSJmfq6dSAtiqPpauPpmHbzwoGPjlQ==",
      "cpu": [
        "arm64",
        "x64"
      ],
      "hasInstallScript": true,
      "os": [
        "darwin",
        "linux"
      ],
      "bin": {
        "bun": "bin/bun",
        "bunx": "bin/bun"
      },
      "optionalDependencies": {
        "@oven/bun-darwin-aarch64": "1.0.26",
        "@oven/bun-darwin-x64": "1.0.26",
        "@oven/bun-darwin-x64-baseline": "1.0.26",
        "@oven/bun-linux-aarch64": "1.0.26",
        "@oven/bun-linux-x64": "1.0.26",
        "@oven/bun-linux-x64-baseline": "1.0.26"
      }
    },
    "node_modules/typescript": {
      "version": "5.3.3",
      "resolved": "https://registry.npmjs.org/typescript/-/typescript-5.3.3.tgz",
      "integrity": "sha512-pXWcraxM0uxAS+tN0AG/BF2TyqmHO014Z070UsJ+pFvYuRSq8KH8DmWpnbXe0pEPDHXZV3FcAbJkijJ5oNEnWw==",
      "dev": true,
      "bin": {
        "tsc": "bin/tsc",
        "tsserver": "bin/tsserver"
      },
      "engines": {
        "node": ">=14.17"
      }
    },
    "node_modules/undici-types": {
      "version": "5.26.5",
      "resolved": "https://registry.npmjs.org/undici-types/-/undici-types-5.26.5.tgz",
      "integrity": "sha512-JlCMO+ehdEIKqlFxk6IfVoAUVmgz7cU7zD/h9XZ0qzeosSHmUJVOzSQvvYSYWXkFXC+IfLKSIffhv0sVZup6pA==",
      "dev": true
    }
  }
}
